
Microsoft Visual Studio Solution File, Format Version 11.00
# Visual Studio 2010
Project("{D2ABAB84-BF74-430A-B69E-9DC6D40DDA17}") = "FacturacionSSAS", "FacturacionSSAS\FacturacionSSAS.dwproj", "{0EFA36AD-D723-47D7-83EC-86C07DC94475}"
EndProject
Global
	GlobalSection(SolutionConfigurationPlatforms) = preSolution
		Development|Default = Development|Default
	EndGlobalSection
	GlobalSection(ProjectConfigurationPlatforms) = postSolution
		{0EFA36AD-D723-47D7-83EC-86C07DC94475}.Development|Default.ActiveCfg = Development
		{0EFA36AD-D723-47D7-83EC-86C07DC94475}.Development|Default.Build.0 = Development
		{0EFA36AD-D723-47D7-83EC-86C07DC94475}.Development|Default.Deploy.0 = Development
	EndGlobalSection
	GlobalSection(SolutionProperties) = preSolution
		HideSolutionNode = FALSE
	EndGlobalSection
EndGlobal
